// !$*UTF8*$!
{
	archiveVersion = 1;
	classes = {
	};
	objectVersion = 50;
	objects = {

/* Begin PBXBuildFile section */
		063DA73426831B6E00604F68 /* AppDelegate.swift in Sources */ = {isa = PBXBuildFile; fileRef = 063DA73326831B6E00604F68 /* AppDelegate.swift */; };
		063DA73626831B6E00604F68 /* SceneDelegate.swift in Sources */ = {isa = PBXBuildFile; fileRef = 063DA73526831B6E00604F68 /* SceneDelegate.swift */; };
		063DA73B26831B6E00604F68 /* Main.storyboard in Resources */ = {isa = PBXBuildFile; fileRef = 063DA73926831B6E00604F68 /* Main.storyboard */; };
		063DA73D26831B7800604F68 /* Assets.xcassets in Resources */ = {isa = PBXBuildFile; fileRef = 063DA73C26831B7800604F68 /* Assets.xcassets */; };
		063DA74026831B7800604F68 /* LaunchScreen.storyboard in Resources */ = {isa = PBXBuildFile; fileRef = 063DA73E26831B7800604F68 /* LaunchScreen.storyboard */; };
		063DA74926831C5700604F68 /* NewsListTableViewController.swift in Sources */ = {isa = PBXBuildFile; fileRef = 063DA74826831C5700604F68 /* NewsListTableViewController.swift */; };
		063DA74C2683281300604F68 /* WebServices.swift in Sources */ = {isa = PBXBuildFile; fileRef = 063DA74B2683281300604F68 /* WebServices.swift */; };
		063DA74F2683303B00604F68 /* Article.swift in Sources */ = {isa = PBXBuildFile; fileRef = 063DA74E2683303B00604F68 /* Article.swift */; };
		063DA7522683351300604F68 /* ArticleViewModel.swift in Sources */ = {isa = PBXBuildFile; fileRef = 063DA7512683351300604F68 /* ArticleViewModel.swift */; };
		063DA75526833BE400604F68 /* ArticleTableViewCell.swift in Sources */ = {isa = PBXBuildFile; fileRef = 063DA75426833BE400604F68 /* ArticleTableViewCell.swift */; };
/* End PBXBuildFile section */

/* Begin PBXFileReference section */
		063DA73026831B6E00604F68 /* GoodNews.app */ = {isa = PBXFileReference; explicitFileType = wrapper.application; includeInIndex = 0; path = GoodNews.app; sourceTree = BUILT_PRODUCTS_DIR; };
		063DA73326831B6E00604F68 /* AppDelegate.swift */ = {isa = PBXFileReference; lastKnownFileType = sourcecode.swift; path = AppDelegate.swift; sourceTree = "<group>"; };
		063DA73526831B6E00604F68 /* SceneDelegate.swift */ = {isa = PBXFileReference; lastKnownFileType = sourcecode.swift; path = SceneDelegate.swift; sourceTree = "<group>"; };
		063DA73A26831B6E00604F68 /* Base */ = {isa = PBXFileReference; lastKnownFileType = file.storyboard; name = Base; path = Base.lproj/Main.storyboard; sourceTree = "<group>"; };
		063DA73C26831B7800604F68 /* Assets.xcassets */ = {isa = PBXFileReference; lastKnownFileType = folder.assetcatalog; path = Assets.xcassets; sourceTree = "<group>"; };
		063DA73F26831B7800604F68 /* Base */ = {isa = PBXFileReference; lastKnownFileType = file.storyboard; name = Base; path = Base.lproj/LaunchScreen.storyboard; sourceTree = "<group>"; };
		063DA74126831B7800604F68 /* Info.plist */ = {isa = PBXFileReference; lastKnownFileType = text.plist.xml; path = Info.plist; sourceTree = "<group>"; };
		063DA74826831C5700604F68 /* NewsListTableViewController.swift */ = {isa = PBXFileReference; lastKnownFileType = sourcecode.swift; path = NewsListTableViewController.swift; sourceTree = "<group>"; };
		063DA74B2683281300604F68 /* WebServices.swift */ = {isa = PBXFileReference; lastKnownFileType = sourcecode.swift; path = WebServices.swift; sourceTree = "<group>"; };
		063DA74E2683303B00604F68 /* Article.swift */ = {isa = PBXFileReference; lastKnownFileType = sourcecode.swift; path = Article.swift; sourceTree = "<group>"; };
		063DA7512683351300604F68 /* ArticleViewModel.swift */ = {isa = PBXFileReference; lastKnownFileType = sourcecode.swift; path = ArticleViewModel.swift; sourceTree = "<group>"; };
		063DA75426833BE400604F68 /* ArticleTableViewCell.swift */ = {isa = PBXFileReference; lastKnownFileType = sourcecode.swift; path = ArticleTableViewCell.swift; sourceTree = "<group>"; };
/* End PBXFileReference section */

/* Begin PBXFrameworksBuildPhase section */
		063DA72D26831B6E00604F68 /* Frameworks */ = {
			isa = PBXFrameworksBuildPhase;
			buildActionMask = 2147483647;
			files = (
			);
			runOnlyForDeploymentPostprocessing = 0;
		};
/* End PBXFrameworksBuildPhase section */

/* Begin PBXGroup section */
		063DA72726831B6E00604F68 = {
			isa = PBXGroup;
			children = (
				063DA73226831B6E00604F68 /* GoodNews */,
				063DA73126831B6E00604F68 /* Products */,
			);
			sourceTree = "<group>";
		};
		063DA73126831B6E00604F68 /* Products */ = {
			isa = PBXGroup;
			children = (
				063DA73026831B6E00604F68 /* GoodNews.app */,
			);
			name = Products;
			sourceTree = "<group>";
		};
		063DA73226831B6E00604F68 /* GoodNews */ = {
			isa = PBXGroup;
			children = (
				063DA75326833BB800604F68 /* Cell */,
				063DA750268334D400604F68 /* View Models */,
				063DA74D2683301200604F68 /* Models */,
				063DA74A268327FD00604F68 /* Services */,
				063DA74726831C1600604F68 /* Controllers */,
				063DA73326831B6E00604F68 /* AppDelegate.swift */,
				063DA73526831B6E00604F68 /* SceneDelegate.swift */,
				063DA73926831B6E00604F68 /* Main.storyboard */,
				063DA73C26831B7800604F68 /* Assets.xcassets */,
				063DA73E26831B7800604F68 /* LaunchScreen.storyboard */,
				063DA74126831B7800604F68 /* Info.plist */,
			);
			path = GoodNews;
			sourceTree = "<group>";
		};
		063DA74726831C1600604F68 /* Controllers */ = {
			isa = PBXGroup;
			children = (
				063DA74826831C5700604F68 /* NewsListTableViewController.swift */,
			);
			path = Controllers;
			sourceTree = "<group>";
		};
		063DA74A268327FD00604F68 /* Services */ = {
			isa = PBXGroup;
			children = (
				063DA74B2683281300604F68 /* WebServices.swift */,
			);
			path = Services;
			sourceTree = "<group>";
		};
		063DA74D2683301200604F68 /* Models */ = {
			isa = PBXGroup;
			children = (
				063DA74E2683303B00604F68 /* Article.swift */,
			);
			path = Models;
			sourceTree = "<group>";
		};
		063DA750268334D400604F68 /* View Models */ = {
			isa = PBXGroup;
			children = (
				063DA7512683351300604F68 /* ArticleViewModel.swift */,
			);
			path = "View Models";
			sourceTree = "<group>";
		};
		063DA75326833BB800604F68 /* Cell */ = {
			isa = PBXGroup;
			children = (
				063DA75426833BE400604F68 /* ArticleTableViewCell.swift */,
			);
			path = Cell;
			sourceTree = "<group>";
		};
/* End PBXGroup section */

/* Begin PBXNativeTarget section */
		063DA72F26831B6E00604F68 /* GoodNews */ = {
			isa = PBXNativeTarget;
			buildConfigurationList = 063DA74426831B7800604F68 /* Build configuration list for PBXNativeTarget "GoodNews" */;
			buildPhases = (
				063DA72C26831B6E00604F68 /* Sources */,
				063DA72D26831B6E00604F68 /* Frameworks */,
				063DA72E26831B6E00604F68 /* Resources */,
			);
			buildRules = (
			);
			dependencies = (
			);
			name = GoodNews;
			productName = GoodNews;
			productReference = 063DA73026831B6E00604F68 /* GoodNews.app */;
			productType = "com.apple.product-type.application";
		};
/* End PBXNativeTarget section */

/* Begin PBXProject section */
		063DA72826831B6E00604F68 /* Project object */ = {
			isa = PBXProject;
			attributes = {
				LastSwiftUpdateCheck = 1100;
				LastUpgradeCheck = 1100;
				ORGANIZATIONNAME = "Mostafa Ashraf";
				TargetAttributes = {
					063DA72F26831B6E00604F68 = {
						CreatedOnToolsVersion = 11.0;
					};
				};
			};
			buildConfigurationList = 063DA72B26831B6E00604F68 /* Build configuration list for PBXProject "GoodNews" */;
			compatibilityVersion = "Xcode 9.3";
			developmentRegion = en;
			hasScannedForEncodings = 0;
			knownRegions = (
				en,
				Base,
			);
			mainGroup = 063DA72726831B6E00604F68;
			productRefGroup = 063DA73126831B6E00604F68 /* Products */;
			projectDirPath = "";
			projectRoot = "";
			targets = (
				063DA72F26831B6E00604F68 /* GoodNews */,
			);
		};
/* End PBXProject section */

/* Begin PBXResourcesBuildPhase section */
		063DA72E26831B6E00604F68 /* Resources */ = {
			isa = PBXResourcesBuildPhase;
			buildActionMask = 2147483647;
			files = (
				063DA74026831B7800604F68 /* LaunchScreen.storyboard in Resources */,
				063DA73D26831B7800604F68 /* Assets.xcassets in Resources */,
				063DA73B26831B6E00604F68 /* Main.storyboard in Resources */,
			);
			runOnlyForDeploymentPostprocessing = 0;
		};
/* End PBXResourcesBuildPhase section */

/* Begin PBXSourcesBuildPhase section */
		063DA72C26831B6E00604F68 /* Sources */ = {
			isa = PBXSourcesBuildPhase;
			buildActionMask = 2147483647;
			files = (
				063DA73426831B6E00604F68 /* AppDelegate.swift in Sources */,
				063DA74926831C5700604F68 /* NewsListTableViewController.swift in Sources */,
				063DA74C2683281300604F68 /* WebServices.swift in Sources */,
				063DA7522683351300604F68 /* ArticleViewModel.swift in Sources */,
				063DA73626831B6E00604F68 /* SceneDelegate.swift in Sources */,
				063DA75526833BE400604F68 /* ArticleTableViewCell.swift in Sources */,
				063DA74F2683303B00604F68 /* Article.swift in Sources */,
			);
			runOnlyForDeploymentPostprocessing = 0;
		};
/* End PBXSourcesBuildPhase section */

/* Begin PBXVariantGroup section */
		063DA73926831B6E00604F68 /* Main.storyboard */ = {
			isa = PBXVariantGroup;
			children = (
				063DA73A26831B6E00604F68 /* Base */,
			);
			name = Main.storyboard;
			sourceTree = "<group>";
		};
		063DA73E26831B7800604F68 /* LaunchScreen.storyboard */ = {
			isa = PBXVariantGroup;
			children = (
				063DA73F26831B7800604F68 /* Base */,
			);
			name = LaunchScreen.storyboard;
			sourceTree = "<group>";
		};
/* End PBXVariantGroup section */

/* Begin XCBuildConfiguration section */
		063DA74226831B7800604F68 /* Debug */ = {
			isa = XCBuildConfiguration;
			buildSettings = {
				ALWAYS_SEARCH_USER_PATHS = NO;
				CLANG_ANALYZER_NONNULL = YES;
				CLANG_ANALYZER_NUMBER_OBJECT_CONVERSION = YES_AGGRESSIVE;
				CLANG_CXX_LANGUAGE_STANDARD = "gnu++14";
				CLANG_CXX_LIBRARY = "libc++";
				CLANG_ENABLE_MODULES = YES;
				CLANG_ENABLE_OBJC_ARC = YES;
				CLANG_ENABLE_OBJC_WEAK = YES;
				CLANG_WARN_BLOCK_CAPTURE_AUTORELEASING = YES;
				CLANG_WARN_BOOL_CONVERSION = YES;
				CLANG_WARN_COMMA = YES;
				CLANG_WARN_CONSTANT_CONVERSION = YES;
				CLANG_WARN_DEPRECATED_OBJC_IMPLEMENTATIONS = YES;
				CLANG_WARN_DIRECT_OBJC_ISA_USAGE = YES_ERROR;
				CLANG_WARN_DOCUMENTATION_COMMENTS = YES;
				CLANG_WARN_EMPTY_BODY = YES;
				CLANG_WARN_ENUM_CONVERSION = YES;
				CLANG_WARN_INFINITE_RECURSION = YES;
				CLANG_WARN_INT_CONVERSION = YES;
				CLANG_WARN_NON_LITERAL_NULL_CONVERSION = YES;
				CLANG_WARN_OBJC_IMPLICIT_RETAIN_SELF = YES;
				CLANG_WARN_OBJC_LITERAL_CONVERSION = YES;
				CLANG_WARN_OBJC_ROOT_CLASS = YES_ERROR;
				CLANG_WARN_RANGE_LOOP_ANALYSIS = YES;
				CLANG_WARN_STRICT_PROTOTYPES = YES;
				CLANG_WARN_SUSPICIOUS_MOVE = YES;
				CLANG_WARN_UNGUARDED_AVAILABILITY = YES_AGGRESSIVE;
				CLANG_WARN_UNREACHABLE_CODE = YES;
				CLANG_WARN__DUPLICATE_METHOD_MATCH = YES;
				COPY_PHASE_STRIP = NO;
				DEBUG_INFORMATION_FORMAT = dwarf;
				ENABLE_STRICT_OBJC_MSGSEND = YES;
				ENABLE_TESTABILITY = YES;
				GCC_C_LANGUAGE_STANDARD = gnu11;
				GCC_DYNAMIC_NO_PIC = NO;
				GCC_NO_COMMON_BLOCKS = YES;
				GCC_OPTIMIZATION_LEVEL = 0;
				GCC_PREPROCESSOR_DEFINITIONS = (
					"DEBUG=1",
					"$(inherited)",
				);
				GCC_WARN_64_TO_32_BIT_CONVERSION = YES;
				GCC_WARN_ABOUT_RETURN_TYPE = YES_ERROR;
				GCC_WARN_UNDECLARED_SELECTOR = YES;
				GCC_WARN_UNINITIALIZED_AUTOS = YES_AGGRESSIVE;
				GCC_WARN_UNUSED_FUNCTION = YES;
				GCC_WARN_UNUSED_VARIABLE = YES;
				IPHONEOS_DEPLOYMENT_TARGET = 13.0;
				MTL_ENABLE_DEBUG_INFO = INCLUDE_SOURCE;
				MTL_FAST_MATH = YES;
				ONLY_ACTIVE_ARCH = YES;
				SDKROOT = iphoneos;
				SWIFT_ACTIVE_COMPILATION_CONDITIONS = DEBUG;
				SWIFT_OPTIMIZATION_LEVEL = "-Onone";
			};
			name = Debug;
		};
		063DA74326831B7800604F68 /* Release */ = {
			isa = XCBuildConfiguration;
			buildSettings = {
				ALWAYS_SEARCH_USER_PATHS = NO;
				CLANG_ANALYZER_NONNULL = YES;
				CLANG_ANALYZER_NUMBER_OBJECT_CONVERSION = YES_AGGRESSIVE;
				CLANG_CXX_LANGUAGE_STANDARD = "gnu++14";
				CLANG_CXX_LIBRARY = "libc++";
				CLANG_ENABLE_MODULES = YES;
				CLANG_ENABLE_OBJC_ARC = YES;
				CLANG_ENABLE_OBJC_WEAK = YES;
				CLANG_WARN_BLOCK_CAPTURE_AUTORELEASING = YES;
				CLANG_WARN_BOOL_CONVERSION = YES;
				CLANG_WARN_COMMA = YES;
				CLANG_WARN_CONSTANT_CONVERSION = YES;
				CLANG_WARN_DEPRECATED_OBJC_IMPLEMENTATIONS = YES;
				CLANG_WARN_DIRECT_OBJC_ISA_USAGE = YES_ERROR;
				CLANG_WARN_DOCUMENTATION_COMMENTS = YES;
				CLANG_WARN_EMPTY_BODY = YES;
				CLANG_WARN_ENUM_CONVERSION = YES;
				CLANG_WARN_INFINITE_RECURSION = YES;
				CLANG_WARN_INT_CONVERSION = YES;
				CLANG_WARN_NON_LITERAL_NULL_CONVERSION = YES;
				CLANG_WARN_OBJC_IMPLICIT_RETAIN_SELF = YES;
				CLANG_WARN_OBJC_LITERAL_CONVERSION = YES;
				CLANG_WARN_OBJC_ROOT_CLASS = YES_ERROR;
				CLANG_WARN_RANGE_LOOP_ANALYSIS = YES;
				CLANG_WARN_STRICT_PROTOTYPES = YES;
				CLANG_WARN_SUSPICIOUS_MOVE = YES;
				CLANG_WARN_UNGUARDED_AVAILABILITY = YES_AGGRESSIVE;
				CLANG_WARN_UNREACHABLE_CODE = YES;
				CLANG_WARN__DUPLICATE_METHOD_MATCH = YES;
				COPY_PHASE_STRIP = NO;
				DEBUG_INFORMATION_FORMAT = "dwarf-with-dsym";
				ENABLE_NS_ASSERTIONS = NO;
				ENABLE_STRICT_OBJC_MSGSEND = YES;
				GCC_C_LANGUAGE_STANDARD = gnu11;
				GCC_NO_COMMON_BLOCKS = YES;
				GCC_WARN_64_TO_32_BIT_CONVERSION = YES;
				GCC_WARN_ABOUT_RETURN_TYPE = YES_ERROR;
				GCC_WARN_UNDECLARED_SELECTOR = YES;
				GCC_WARN_UNINITIALIZED_AUTOS = YES_AGGRESSIVE;
				GCC_WARN_UNUSED_FUNCTION = YES;
				GCC_WARN_UNUSED_VARIABLE = YES;
				IPHONEOS_DEPLOYMENT_TARGET = 13.0;
				MTL_ENABLE_DEBUG_INFO = NO;
				MTL_FAST_MATH = YES;
				SDKROOT = iphoneos;
				SWIFT_COMPILATION_MODE = wholemodule;
				SWIFT_OPTIMIZATION_LEVEL = "-O";
				VALIDATE_PRODUCT = YES;
			};
			name = Release;
		};
		063DA74526831B7800604F68 /* Debug */ = {
			isa = XCBuildConfiguration;
			buildSettings = {
				ASSETCATALOG_COMPILER_APPICON_NAME = AppIcon;
				CODE_SIGN_STYLE = Automatic;
				INFOPLIST_FILE = GoodNews/Info.plist;
				LD_RUNPATH_SEARCH_PATHS = (
					"$(inherited)",
					"@executable_path/Frameworks",
				);
				PRODUCT_BUNDLE_IDENTIFIER = com.GoodNews;
				PRODUCT_NAME = "$(TARGET_NAME)";
				SWIFT_VERSION = 5.0;
				TARGETED_DEVICE_FAMILY = "1,2";
			};
			name = Debug;
		};
		063DA74626831B7800604F68 /* Release */ = {
			isa = XCBuildConfiguration;
			buildSettings = {
				ASSETCATALOG_COMPILER_APPICON_NAME = AppIcon;
				CODE_SIGN_STYLE = Automatic;
				INFOPLIST_FILE = GoodNews/Info.plist;
				LD_RUNPATH_SEARCH_PATHS = (
					"$(inherited)",
					"@executable_path/Frameworks",
				);
				PRODUCT_BUNDLE_IDENTIFIER = com.GoodNews;
				PRODUCT_NAME = "$(TARGET_NAME)";
				SWIFT_VERSION = 5.0;
				TARGETED_DEVICE_FAMILY = "1,2";
			};
			name = Release;
		};
/* End XCBuildConfiguration section */

/* Begin XCConfigurationList section */
		063DA72B26831B6E00604F68 /* Build configuration list for PBXProject "GoodNews" */ = {
			isa = XCConfigurationList;
			buildConfigurations = (
				063DA74226831B7800604F68 /* Debug */,
				063DA74326831B7800604F68 /* Release */,
			);
			defaultConfigurationIsVisible = 0;
			defaultConfigurationName = Release;
		};
		063DA74426831B7800604F68 /* Build configuration list for PBXNativeTarget "GoodNews" */ = {
			isa = XCConfigurationList;
			buildConfigurations = (
				063DA74526831B7800604F68 /* Debug */,
				063DA74626831B7800604F68 /* Release */,
			);
			defaultConfigurationIsVisible = 0;
			defaultConfigurationName = Release;
		};
/* End XCConfigurationList section */
	};
	rootObject = 063DA72826831B6E00604F68 /* Project object */;
}
